# This file was autogenerated by Stack.
# You should not edit this file by hand.
# For more information, please see the documentation at:
#   https://docs.haskellstack.org/en/stable/lock_files

packages:
- completed:
    hackage: postgresql-error-codes-1.0.1@sha256:34ce40401dc21762996dadd38336436f40a09da95ad3309ba6dc506d707cff11,1413
    pantry-tree:
      size: 240
      sha256: 2b8d529e883ae9ff4c1c98b05410edd6343b0ea2ec016bae256ff7d7ede3fc46
  original:
    hackage: postgresql-error-codes-1.0.1@sha256:34ce40401dc21762996dadd38336436f40a09da95ad3309ba6dc506d707cff11,1413
- completed:
    hackage: hasql-th-0.4.0.8@sha256:e77af01c354fcebb0fc8358a4bb2f7b361329bce28f783d8d6b17fbd5fa43279,2245
    pantry-tree:
      size: 864
      sha256: d3975fb5fdfc16c22ae5296a1d720ffa4cfc3661117d7eba0ad1232e4be527d6
  original:
    hackage: hasql-th-0.4.0.8@sha256:e77af01c354fcebb0fc8358a4bb2f7b361329bce28f783d8d6b17fbd5fa43279,2245
- completed:
    hackage: postgresql-syntax-0.3.0.3@sha256:b93a73c388811e331327561d85ed268f232be6c7f8f90ff27b2091c64c6aea90,4170
    pantry-tree:
      size: 1141
      sha256: 59f0edcb31c8b30432c1fef4107805cc9e20e7cc2e3d5e2f819789c556c6a386
  original:
    hackage: postgresql-syntax-0.3.0.3@sha256:b93a73c388811e331327561d85ed268f232be6c7f8f90ff27b2091c64c6aea90,4170
- completed:
    hackage: fast-builder-0.1.2.1@sha256:6e3148d9ac21e5ec900fa59d1d65322e6b4c0491f19b53bdbe093186a519eb9f,2791
    pantry-tree:
      size: 986
      sha256: 6b1f7822bdc4b8905fd871929f5ecc5a337588f83d858079abce3b6393c6d1e4
  original:
    hackage: fast-builder-0.1.2.1@sha256:6e3148d9ac21e5ec900fa59d1d65322e6b4c0491f19b53bdbe093186a519eb9f,2791
- completed:
    hackage: headed-megaparsec-0.2@sha256:53e0fca4b30bc568f0dfae5b97abe7967939c8a9ee00f30bc99936d75181dd72,1566
    pantry-tree:
      size: 383
      sha256: 4277a2ab79fd6da7cc4fb01c55426322dffe4a53cdf80ef66d033034dc43d109
  original:
    hackage: headed-megaparsec-0.2@sha256:53e0fca4b30bc568f0dfae5b97abe7967939c8a9ee00f30bc99936d75181dd72,1566
- completed:
    hackage: testcontainers-0.3.1.0@sha256:8f9c100652403b72a467eb005b1c936c7116e02938057bd5b6fd7cdc465b9532,2700
    pantry-tree:
      size: 747
      sha256: 57d3891d7f17092873f0fd5a3b35590e479d7ad90ada7e566e01c8bac6decb69
  original:
    hackage: testcontainers-0.3.1.0@sha256:8f9c100652403b72a467eb005b1c936c7116e02938057bd5b6fd7cdc465b9532,2700
snapshots:
- completed:
    size: 587821
    url: https://raw.githubusercontent.com/commercialhaskell/stackage-snapshots/master/lts/18/24.yaml
    sha256: 06d844ba51e49907bd29cb58b4a5f86ee7587a4cd7e6cf395eeec16cba619ce8
  original:
    url: https://raw.githubusercontent.com/commercialhaskell/stackage-snapshots/master/lts/18/24.yaml
